
Microsoft Visual Studio Solution File, Format Version 12.00
# Visual Studio Version 17
VisualStudioVersion = 17.4.33213.308
MinimumVisualStudioVersion = 10.0.40219.1
Project("{FAE04EC0-301F-11D3-BF4B-00C04F79EFBC}") = "TarefasAPI", "TarefasAPI\TarefasAPI.csproj", "{78007325-E438-419C-9677-AA30E78AB736}"
EndProject
Global
	GlobalSection(SolutionConfigurationPlatforms) = preSolution
		Debug|Any CPU = Debug|Any CPU
		Release|Any CPU = Release|Any CPU
	EndGlobalSection
	GlobalSection(ProjectConfigurationPlatforms) = postSolution
		{78007325-E438-419C-9677-AA30E78AB736}.Debug|Any CPU.ActiveCfg = Debug|Any CPU
		{78007325-E438-419C-9677-AA30E78AB736}.Debug|Any CPU.Build.0 = Debug|Any CPU
		{78007325-E438-419C-9677-AA30E78AB736}.Release|Any CPU.ActiveCfg = Release|Any CPU
		{78007325-E438-419C-9677-AA30E78AB736}.Release|Any CPU.Build.0 = Release|Any CPU
	EndGlobalSection
	GlobalSection(SolutionProperties) = preSolution
		HideSolutionNode = FALSE
	EndGlobalSection
	GlobalSection(ExtensibilityGlobals) = postSolution
		SolutionGuid = {0E3E357B-E86C-45CB-9608-6C3A401A586C}
	EndGlobalSection
EndGlobal
